
Microsoft Visual Studio Solution File, Format Version 12.00
# Visual Studio Version 16
VisualStudioVersion = 16.0.29613.14
MinimumVisualStudioVersion = 10.0.40219.1
Project("{151D2E53-A2C4-4D7D-83FE-D05416EBD58E}") = "rgpazewpdamc001prdclog", "rgpazewpdamc001prdclog.deployproj", "{110690CD-9B17-4E83-8411-859ECF6C8A6B}"
EndProject
Global
	GlobalSection(SolutionConfigurationPlatforms) = preSolution
		Debug|Any CPU = Debug|Any CPU
		Release|Any CPU = Release|Any CPU
	EndGlobalSection
	GlobalSection(ProjectConfigurationPlatforms) = postSolution
		{110690CD-9B17-4E83-8411-859ECF6C8A6B}.Debug|Any CPU.ActiveCfg = Debug|Any CPU
		{110690CD-9B17-4E83-8411-859ECF6C8A6B}.Debug|Any CPU.Build.0 = Debug|Any CPU
		{110690CD-9B17-4E83-8411-859ECF6C8A6B}.Release|Any CPU.ActiveCfg = Release|Any CPU
		{110690CD-9B17-4E83-8411-859ECF6C8A6B}.Release|Any CPU.Build.0 = Release|Any CPU
	EndGlobalSection
	GlobalSection(SolutionProperties) = preSolution
		HideSolutionNode = FALSE
	EndGlobalSection
	GlobalSection(ExtensibilityGlobals) = postSolution
		SolutionGuid = {ED2980AB-8F41-4CBD-BAB7-8BA7F91E77C5}
	EndGlobalSection
EndGlobal
