
Microsoft Visual Studio Solution File, Format Version 12.00
# Visual Studio Version 16
VisualStudioVersion = 16.0.29613.14
MinimumVisualStudioVersion = 10.0.40219.1
Project("{151D2E53-A2C4-4D7D-83FE-D05416EBD58E}") = "rgpazewddamc001prdctlog", "rgpazewddamc001prdctlog.deployproj", "{6FC22400-D799-49BC-8EE8-65D964291984}"
EndProject
Global
	GlobalSection(SolutionConfigurationPlatforms) = preSolution
		Debug|Any CPU = Debug|Any CPU
		Release|Any CPU = Release|Any CPU
	EndGlobalSection
	GlobalSection(ProjectConfigurationPlatforms) = postSolution
		{6FC22400-D799-49BC-8EE8-65D964291984}.Debug|Any CPU.ActiveCfg = Debug|Any CPU
		{6FC22400-D799-49BC-8EE8-65D964291984}.Debug|Any CPU.Build.0 = Debug|Any CPU
		{6FC22400-D799-49BC-8EE8-65D964291984}.Release|Any CPU.ActiveCfg = Release|Any CPU
		{6FC22400-D799-49BC-8EE8-65D964291984}.Release|Any CPU.Build.0 = Release|Any CPU
	EndGlobalSection
	GlobalSection(SolutionProperties) = preSolution
		HideSolutionNode = FALSE
	EndGlobalSection
	GlobalSection(ExtensibilityGlobals) = postSolution
		SolutionGuid = {A2B6C7DD-6749-4F7C-9E81-C002F10F5D32}
	EndGlobalSection
EndGlobal
